
Microsoft Visual Studio Solution File, Format Version 12.00
# Visual Studio Version 17
VisualStudioVersion = 17.5.33530.505
MinimumVisualStudioVersion = 10.0.40219.1
Project("{FAE04EC0-301F-11D3-BF4B-00C04F79EFBC}") = "APP.Android", "APP\APP.Android\APP.Android.csproj", "{114D2564-4190-4829-B56E-B4BAC6D223BA}"
EndProject
Project("{9A19103F-16F7-4668-BE54-9A1E7A4F7556}") = "APP", "APP\APP\APP.csproj", "{4F4153CC-73CB-45D6-A5AF-5745126B79A3}"
EndProject
Project("{FAE04EC0-301F-11D3-BF4B-00C04F79EFBC}") = "WebAPI", "WebAPI\WebAPI.csproj", "{344952B3-E3CA-474D-8331-9396BC093481}"
EndProject
Global
	GlobalSection(SolutionConfigurationPlatforms) = preSolution
		Debug|Any CPU = Debug|Any CPU
		Release|Any CPU = Release|Any CPU
	EndGlobalSection
	GlobalSection(ProjectConfigurationPlatforms) = postSolution
		{114D2564-4190-4829-B56E-B4BAC6D223BA}.Debug|Any CPU.ActiveCfg = Debug|Any CPU
		{114D2564-4190-4829-B56E-B4BAC6D223BA}.Debug|Any CPU.Build.0 = Debug|Any CPU
		{114D2564-4190-4829-B56E-B4BAC6D223BA}.Debug|Any CPU.Deploy.0 = Debug|Any CPU
		{114D2564-4190-4829-B56E-B4BAC6D223BA}.Release|Any CPU.ActiveCfg = Release|Any CPU
		{114D2564-4190-4829-B56E-B4BAC6D223BA}.Release|Any CPU.Build.0 = Release|Any CPU
		{114D2564-4190-4829-B56E-B4BAC6D223BA}.Release|Any CPU.Deploy.0 = Release|Any CPU
		{4F4153CC-73CB-45D6-A5AF-5745126B79A3}.Debug|Any CPU.ActiveCfg = Debug|Any CPU
		{4F4153CC-73CB-45D6-A5AF-5745126B79A3}.Debug|Any CPU.Build.0 = Debug|Any CPU
		{4F4153CC-73CB-45D6-A5AF-5745126B79A3}.Debug|Any CPU.Deploy.0 = Debug|Any CPU
		{4F4153CC-73CB-45D6-A5AF-5745126B79A3}.Release|Any CPU.ActiveCfg = Release|Any CPU
		{4F4153CC-73CB-45D6-A5AF-5745126B79A3}.Release|Any CPU.Build.0 = Release|Any CPU
		{4F4153CC-73CB-45D6-A5AF-5745126B79A3}.Release|Any CPU.Deploy.0 = Release|Any CPU
		{344952B3-E3CA-474D-8331-9396BC093481}.Debug|Any CPU.ActiveCfg = Debug|Any CPU
		{344952B3-E3CA-474D-8331-9396BC093481}.Debug|Any CPU.Build.0 = Debug|Any CPU
		{344952B3-E3CA-474D-8331-9396BC093481}.Release|Any CPU.ActiveCfg = Release|Any CPU
		{344952B3-E3CA-474D-8331-9396BC093481}.Release|Any CPU.Build.0 = Release|Any CPU
	EndGlobalSection
	GlobalSection(SolutionProperties) = preSolution
		HideSolutionNode = FALSE
	EndGlobalSection
	GlobalSection(ExtensibilityGlobals) = postSolution
		SolutionGuid = {283D1968-B906-4130-B809-AFAF39D703AE}
	EndGlobalSection
EndGlobal
